
Microsoft Visual Studio Solution File, Format Version 12.00
# Visual Studio 2013
VisualStudioVersion = 12.0.21005.1
MinimumVisualStudioVersion = 10.0.40219.1
Project("{FAE04EC0-301F-11D3-BF4B-00C04F79EFBC}") = "Web.Host", "Web.Host\Web.Host.csproj", "{B94F30B2-9398-4D2C-B3EA-0A016B3EEECF}"
EndProject
Project("{FAE04EC0-301F-11D3-BF4B-00C04F79EFBC}") = "Client.Domain.Service", "Client.Domain.Service\Client.Domain.Service.csproj", "{A051112D-3A03-407A-94AC-CB3CFB806D2D}"
EndProject
Project("{FAE04EC0-301F-11D3-BF4B-00C04F79EFBC}") = "Client.Domain.Messages", "Client.Domain.Messages\Client.Domain.Messages.csproj", "{814993D5-C4AD-42AB-B203-76E92BB8CE39}"
EndProject
Global
	GlobalSection(SolutionConfigurationPlatforms) = preSolution
		Debug|Any CPU = Debug|Any CPU
		Release|Any CPU = Release|Any CPU
	EndGlobalSection
	GlobalSection(ProjectConfigurationPlatforms) = postSolution
		{B94F30B2-9398-4D2C-B3EA-0A016B3EEECF}.Debug|Any CPU.ActiveCfg = Debug|Any CPU
		{B94F30B2-9398-4D2C-B3EA-0A016B3EEECF}.Debug|Any CPU.Build.0 = Debug|Any CPU
		{B94F30B2-9398-4D2C-B3EA-0A016B3EEECF}.Release|Any CPU.ActiveCfg = Release|Any CPU
		{B94F30B2-9398-4D2C-B3EA-0A016B3EEECF}.Release|Any CPU.Build.0 = Release|Any CPU
		{A051112D-3A03-407A-94AC-CB3CFB806D2D}.Debug|Any CPU.ActiveCfg = Debug|Any CPU
		{A051112D-3A03-407A-94AC-CB3CFB806D2D}.Debug|Any CPU.Build.0 = Debug|Any CPU
		{A051112D-3A03-407A-94AC-CB3CFB806D2D}.Release|Any CPU.ActiveCfg = Release|Any CPU
		{A051112D-3A03-407A-94AC-CB3CFB806D2D}.Release|Any CPU.Build.0 = Release|Any CPU
		{814993D5-C4AD-42AB-B203-76E92BB8CE39}.Debug|Any CPU.ActiveCfg = Debug|Any CPU
		{814993D5-C4AD-42AB-B203-76E92BB8CE39}.Debug|Any CPU.Build.0 = Debug|Any CPU
		{814993D5-C4AD-42AB-B203-76E92BB8CE39}.Release|Any CPU.ActiveCfg = Release|Any CPU
		{814993D5-C4AD-42AB-B203-76E92BB8CE39}.Release|Any CPU.Build.0 = Release|Any CPU
	EndGlobalSection
	GlobalSection(SolutionProperties) = preSolution
		HideSolutionNode = FALSE
	EndGlobalSection
EndGlobal
